
Microsoft Visual Studio Solution File, Format Version 12.00
# Visual Studio 15
VisualStudioVersion = 15.0.26730.16
MinimumVisualStudioVersion = 10.0.40219.1
Project("{FAE04EC0-301F-11D3-BF4B-00C04F79EFBC}") = "Cache", "Cache\Cache.csproj", "{F1957EB3-87CD-4F24-A782-65945FB4EECB}"
EndProject
Global
	GlobalSection(SolutionConfigurationPlatforms) = preSolution
		Debug|Any CPU = Debug|Any CPU
		Release|Any CPU = Release|Any CPU
	EndGlobalSection
	GlobalSection(ProjectConfigurationPlatforms) = postSolution
		{F1957EB3-87CD-4F24-A782-65945FB4EECB}.Debug|Any CPU.ActiveCfg = Debug|Any CPU
		{F1957EB3-87CD-4F24-A782-65945FB4EECB}.Debug|Any CPU.Build.0 = Debug|Any CPU
		{F1957EB3-87CD-4F24-A782-65945FB4EECB}.Release|Any CPU.ActiveCfg = Release|Any CPU
		{F1957EB3-87CD-4F24-A782-65945FB4EECB}.Release|Any CPU.Build.0 = Release|Any CPU
	EndGlobalSection
	GlobalSection(SolutionProperties) = preSolution
		HideSolutionNode = FALSE
	EndGlobalSection
	GlobalSection(ExtensibilityGlobals) = postSolution
		SolutionGuid = {56776D73-B7A2-48F8-B9E2-40503607D56A}
	EndGlobalSection
EndGlobal
