
Microsoft Visual Studio Solution File, Format Version 12.00
# Visual Studio 15
VisualStudioVersion = 15.0.26730.16
MinimumVisualStudioVersion = 10.0.40219.1
Project("{FAE04EC0-301F-11D3-BF4B-00C04F79EFBC}") = "MVC5", "MVC5\MVC5.csproj", "{23AED4DE-10D0-4B42-A01B-DA83CAEF4CD5}"
EndProject
Global
	GlobalSection(SolutionConfigurationPlatforms) = preSolution
		Debug|Any CPU = Debug|Any CPU
		Release|Any CPU = Release|Any CPU
	EndGlobalSection
	GlobalSection(ProjectConfigurationPlatforms) = postSolution
		{23AED4DE-10D0-4B42-A01B-DA83CAEF4CD5}.Debug|Any CPU.ActiveCfg = Debug|Any CPU
		{23AED4DE-10D0-4B42-A01B-DA83CAEF4CD5}.Debug|Any CPU.Build.0 = Debug|Any CPU
		{23AED4DE-10D0-4B42-A01B-DA83CAEF4CD5}.Release|Any CPU.ActiveCfg = Release|Any CPU
		{23AED4DE-10D0-4B42-A01B-DA83CAEF4CD5}.Release|Any CPU.Build.0 = Release|Any CPU
	EndGlobalSection
	GlobalSection(SolutionProperties) = preSolution
		HideSolutionNode = FALSE
	EndGlobalSection
	GlobalSection(ExtensibilityGlobals) = postSolution
		SolutionGuid = {93CE5FA2-F432-4157-B51B-3F78B27A722D}
	EndGlobalSection
EndGlobal
